
Microsoft Visual Studio Solution File, Format Version 12.00
# Visual Studio Version 16
VisualStudioVersion = 16.0.30204.135
MinimumVisualStudioVersion = 10.0.40219.1
Project("{9A19103F-16F7-4668-BE54-9A1E7A4F7556}") = "MicroTester", "MicroTester\MicroTester.csproj", "{3FA4FDD5-45E8-420D-B6B3-72B2CA27F21F}"
EndProject
Project("{9A19103F-16F7-4668-BE54-9A1E7A4F7556}") = "MicroTester.Integration", "Microtester.Integration\MicroTester.Integration.csproj", "{7FB82441-4C21-4083-BE85-4BA70B9CA06C}"
EndProject
Project("{2150E333-8FDC-42A3-9474-1A3956D46DE8}") = "AProject", "AProject", "{D5051C52-1AA1-456A-8698-52568F5AFF23}"
EndProject
Project("{2150E333-8FDC-42A3-9474-1A3956D46DE8}") = "ZMisc", "ZMisc", "{E8D9778C-0407-4C16-8772-55A02EAACEA0}"
EndProject
Project("{9A19103F-16F7-4668-BE54-9A1E7A4F7556}") = "Utilities.EFCore31", "Utilities.EFCore31\Utilities.EFCore31\Utilities.EFCore31.csproj", "{093D1587-B0F1-41C7-B1BC-4B13D3CA5107}"
EndProject
Project("{9A19103F-16F7-4668-BE54-9A1E7A4F7556}") = "MicroTester.Db", "MicroTester.Db\MicroTester.Db.csproj", "{E93FE27F-9C1C-436C-AE7A-2338D7B58EFF}"
EndProject
Project("{2150E333-8FDC-42A3-9474-1A3956D46DE8}") = "CExample", "CExample", "{940562B5-CD65-4882-B72B-B3AEE6D5EC6D}"
EndProject
Project("{9A19103F-16F7-4668-BE54-9A1E7A4F7556}") = "MicroTester.Example", "MicroTester.Example\MicroTester.Example.csproj", "{D3D7655C-E34D-471E-BA97-E3A481077B50}"
EndProject
Project("{9A19103F-16F7-4668-BE54-9A1E7A4F7556}") = "MicroTester.API", "MicroTester.API\MicroTester.API.csproj", "{2DF57166-10A9-4C93-AA5B-982F2CD4AA51}"
EndProject
Project("{FAE04EC0-301F-11D3-BF4B-00C04F79EFBC}") = "MicroTester.Integration.ASPCore", "MicroTester.Integration.ASPCore\MicroTester.Integration.ASPCore.csproj", "{99F4EE51-3D84-48DA-9BFE-5394871142E5}"
EndProject
Global
	GlobalSection(SolutionConfigurationPlatforms) = preSolution
		Debug|Any CPU = Debug|Any CPU
		Release|Any CPU = Release|Any CPU
	EndGlobalSection
	GlobalSection(ProjectConfigurationPlatforms) = postSolution
		{3FA4FDD5-45E8-420D-B6B3-72B2CA27F21F}.Debug|Any CPU.ActiveCfg = Debug|Any CPU
		{3FA4FDD5-45E8-420D-B6B3-72B2CA27F21F}.Debug|Any CPU.Build.0 = Debug|Any CPU
		{3FA4FDD5-45E8-420D-B6B3-72B2CA27F21F}.Release|Any CPU.ActiveCfg = Release|Any CPU
		{3FA4FDD5-45E8-420D-B6B3-72B2CA27F21F}.Release|Any CPU.Build.0 = Release|Any CPU
		{7FB82441-4C21-4083-BE85-4BA70B9CA06C}.Debug|Any CPU.ActiveCfg = Debug|Any CPU
		{7FB82441-4C21-4083-BE85-4BA70B9CA06C}.Debug|Any CPU.Build.0 = Debug|Any CPU
		{7FB82441-4C21-4083-BE85-4BA70B9CA06C}.Release|Any CPU.ActiveCfg = Release|Any CPU
		{7FB82441-4C21-4083-BE85-4BA70B9CA06C}.Release|Any CPU.Build.0 = Release|Any CPU
		{093D1587-B0F1-41C7-B1BC-4B13D3CA5107}.Debug|Any CPU.ActiveCfg = Debug|Any CPU
		{093D1587-B0F1-41C7-B1BC-4B13D3CA5107}.Debug|Any CPU.Build.0 = Debug|Any CPU
		{093D1587-B0F1-41C7-B1BC-4B13D3CA5107}.Release|Any CPU.ActiveCfg = Release|Any CPU
		{093D1587-B0F1-41C7-B1BC-4B13D3CA5107}.Release|Any CPU.Build.0 = Release|Any CPU
		{E93FE27F-9C1C-436C-AE7A-2338D7B58EFF}.Debug|Any CPU.ActiveCfg = Debug|Any CPU
		{E93FE27F-9C1C-436C-AE7A-2338D7B58EFF}.Debug|Any CPU.Build.0 = Debug|Any CPU
		{E93FE27F-9C1C-436C-AE7A-2338D7B58EFF}.Release|Any CPU.ActiveCfg = Release|Any CPU
		{E93FE27F-9C1C-436C-AE7A-2338D7B58EFF}.Release|Any CPU.Build.0 = Release|Any CPU
		{D3D7655C-E34D-471E-BA97-E3A481077B50}.Debug|Any CPU.ActiveCfg = Debug|Any CPU
		{D3D7655C-E34D-471E-BA97-E3A481077B50}.Debug|Any CPU.Build.0 = Debug|Any CPU
		{D3D7655C-E34D-471E-BA97-E3A481077B50}.Release|Any CPU.ActiveCfg = Release|Any CPU
		{D3D7655C-E34D-471E-BA97-E3A481077B50}.Release|Any CPU.Build.0 = Release|Any CPU
		{2DF57166-10A9-4C93-AA5B-982F2CD4AA51}.Debug|Any CPU.ActiveCfg = Debug|Any CPU
		{2DF57166-10A9-4C93-AA5B-982F2CD4AA51}.Debug|Any CPU.Build.0 = Debug|Any CPU
		{2DF57166-10A9-4C93-AA5B-982F2CD4AA51}.Release|Any CPU.ActiveCfg = Release|Any CPU
		{2DF57166-10A9-4C93-AA5B-982F2CD4AA51}.Release|Any CPU.Build.0 = Release|Any CPU
		{99F4EE51-3D84-48DA-9BFE-5394871142E5}.Debug|Any CPU.ActiveCfg = Debug|Any CPU
		{99F4EE51-3D84-48DA-9BFE-5394871142E5}.Debug|Any CPU.Build.0 = Debug|Any CPU
		{99F4EE51-3D84-48DA-9BFE-5394871142E5}.Release|Any CPU.ActiveCfg = Release|Any CPU
		{99F4EE51-3D84-48DA-9BFE-5394871142E5}.Release|Any CPU.Build.0 = Release|Any CPU
	EndGlobalSection
	GlobalSection(SolutionProperties) = preSolution
		HideSolutionNode = FALSE
	EndGlobalSection
	GlobalSection(NestedProjects) = preSolution
		{3FA4FDD5-45E8-420D-B6B3-72B2CA27F21F} = {D5051C52-1AA1-456A-8698-52568F5AFF23}
		{7FB82441-4C21-4083-BE85-4BA70B9CA06C} = {D5051C52-1AA1-456A-8698-52568F5AFF23}
		{093D1587-B0F1-41C7-B1BC-4B13D3CA5107} = {E8D9778C-0407-4C16-8772-55A02EAACEA0}
		{E93FE27F-9C1C-436C-AE7A-2338D7B58EFF} = {D5051C52-1AA1-456A-8698-52568F5AFF23}
		{D3D7655C-E34D-471E-BA97-E3A481077B50} = {940562B5-CD65-4882-B72B-B3AEE6D5EC6D}
		{2DF57166-10A9-4C93-AA5B-982F2CD4AA51} = {D5051C52-1AA1-456A-8698-52568F5AFF23}
		{99F4EE51-3D84-48DA-9BFE-5394871142E5} = {D5051C52-1AA1-456A-8698-52568F5AFF23}
	EndGlobalSection
	GlobalSection(ExtensibilityGlobals) = postSolution
		SolutionGuid = {43D8D9BC-69D2-4D6B-B316-7531F46B0B85}
	EndGlobalSection
EndGlobal
