
Microsoft Visual Studio Solution File, Format Version 12.00
# Visual Studio Version 16
VisualStudioVersion = 16.0.30204.135
MinimumVisualStudioVersion = 10.0.40219.1
Project("{FAE04EC0-301F-11D3-BF4B-00C04F79EFBC}") = "MicroTester", "MicroTester\MicroTester.csproj", "{3FA4FDD5-45E8-420D-B6B3-72B2CA27F21F}"
EndProject
Project("{FAE04EC0-301F-11D3-BF4B-00C04F79EFBC}") = "MicroTester.Integration", "Microtester.Integration\MicroTester.Integration.csproj", "{7FB82441-4C21-4083-BE85-4BA70B9CA06C}"
EndProject
Global
	GlobalSection(SolutionConfigurationPlatforms) = preSolution
		Debug|Any CPU = Debug|Any CPU
		Release|Any CPU = Release|Any CPU
	EndGlobalSection
	GlobalSection(ProjectConfigurationPlatforms) = postSolution
		{3FA4FDD5-45E8-420D-B6B3-72B2CA27F21F}.Debug|Any CPU.ActiveCfg = Debug|Any CPU
		{3FA4FDD5-45E8-420D-B6B3-72B2CA27F21F}.Debug|Any CPU.Build.0 = Debug|Any CPU
		{3FA4FDD5-45E8-420D-B6B3-72B2CA27F21F}.Release|Any CPU.ActiveCfg = Release|Any CPU
		{3FA4FDD5-45E8-420D-B6B3-72B2CA27F21F}.Release|Any CPU.Build.0 = Release|Any CPU
		{7FB82441-4C21-4083-BE85-4BA70B9CA06C}.Debug|Any CPU.ActiveCfg = Debug|Any CPU
		{7FB82441-4C21-4083-BE85-4BA70B9CA06C}.Debug|Any CPU.Build.0 = Debug|Any CPU
		{7FB82441-4C21-4083-BE85-4BA70B9CA06C}.Release|Any CPU.ActiveCfg = Release|Any CPU
		{7FB82441-4C21-4083-BE85-4BA70B9CA06C}.Release|Any CPU.Build.0 = Release|Any CPU
	EndGlobalSection
	GlobalSection(SolutionProperties) = preSolution
		HideSolutionNode = FALSE
	EndGlobalSection
	GlobalSection(ExtensibilityGlobals) = postSolution
		SolutionGuid = {43D8D9BC-69D2-4D6B-B316-7531F46B0B85}
	EndGlobalSection
EndGlobal
