
Microsoft Visual Studio Solution File, Format Version 12.00
# Visual Studio Version 16
VisualStudioVersion = 16.0.30204.135
MinimumVisualStudioVersion = 10.0.40219.1
Project("{2150E333-8FDC-42A3-9474-1A3956D46DE8}") = "AProject", "AProject", "{D5051C52-1AA1-456A-8698-52568F5AFF23}"
EndProject
Project("{2150E333-8FDC-42A3-9474-1A3956D46DE8}") = "CMisc", "CMisc", "{E8D9778C-0407-4C16-8772-55A02EAACEA0}"
EndProject
Project("{9A19103F-16F7-4668-BE54-9A1E7A4F7556}") = "Utilities.EFCore31", "Utilities.EFCore31\Utilities.EFCore31\Utilities.EFCore31.csproj", "{093D1587-B0F1-41C7-B1BC-4B13D3CA5107}"
EndProject
Project("{2150E333-8FDC-42A3-9474-1A3956D46DE8}") = "BExample", "BExample", "{940562B5-CD65-4882-B72B-B3AEE6D5EC6D}"
EndProject
Project("{9A19103F-16F7-4668-BE54-9A1E7A4F7556}") = "MicroTester", "src\MicroTester\MicroTester.csproj", "{BAFCA371-48FB-4B28-896C-A194DD939C3B}"
EndProject
Project("{9A19103F-16F7-4668-BE54-9A1E7A4F7556}") = "MicroTester.API", "src\MicroTester.API\MicroTester.API.csproj", "{8589F085-1419-4F29-8CE3-6A20118DA834}"
EndProject
Project("{9A19103F-16F7-4668-BE54-9A1E7A4F7556}") = "MicroTester.Db", "src\MicroTester.Db\MicroTester.Db.csproj", "{9CFF4D41-3B85-4F5B-A5EB-439CE59E4988}"
EndProject
Project("{9A19103F-16F7-4668-BE54-9A1E7A4F7556}") = "MicroTester.ExampleApp", "src\MicroTester.Example\MicroTester.ExampleApp.csproj", "{83F213C6-0EBF-4BDC-AA0F-4F1BE6D7A44A}"
EndProject
Project("{9A19103F-16F7-4668-BE54-9A1E7A4F7556}") = "MicroTester.Integration", "src\MicroTester.Integration\MicroTester.Integration.csproj", "{3971B26A-C1D5-4EFB-A20B-756600B0ACB2}"
EndProject
Project("{9A19103F-16F7-4668-BE54-9A1E7A4F7556}") = "MicroTester.Integration.ASPCore", "src\MicroTester.Integration.ASPCore\MicroTester.Integration.ASPCore.csproj", "{144267BF-321F-462B-B1AE-1A54F62C582E}"
EndProject
Global
	GlobalSection(SolutionConfigurationPlatforms) = preSolution
		Debug|Any CPU = Debug|Any CPU
		Release|Any CPU = Release|Any CPU
	EndGlobalSection
	GlobalSection(ProjectConfigurationPlatforms) = postSolution
		{093D1587-B0F1-41C7-B1BC-4B13D3CA5107}.Debug|Any CPU.ActiveCfg = Debug|Any CPU
		{093D1587-B0F1-41C7-B1BC-4B13D3CA5107}.Debug|Any CPU.Build.0 = Debug|Any CPU
		{093D1587-B0F1-41C7-B1BC-4B13D3CA5107}.Release|Any CPU.ActiveCfg = Release|Any CPU
		{093D1587-B0F1-41C7-B1BC-4B13D3CA5107}.Release|Any CPU.Build.0 = Release|Any CPU
		{BAFCA371-48FB-4B28-896C-A194DD939C3B}.Debug|Any CPU.ActiveCfg = Debug|Any CPU
		{BAFCA371-48FB-4B28-896C-A194DD939C3B}.Debug|Any CPU.Build.0 = Debug|Any CPU
		{BAFCA371-48FB-4B28-896C-A194DD939C3B}.Release|Any CPU.ActiveCfg = Release|Any CPU
		{BAFCA371-48FB-4B28-896C-A194DD939C3B}.Release|Any CPU.Build.0 = Release|Any CPU
		{8589F085-1419-4F29-8CE3-6A20118DA834}.Debug|Any CPU.ActiveCfg = Debug|Any CPU
		{8589F085-1419-4F29-8CE3-6A20118DA834}.Debug|Any CPU.Build.0 = Debug|Any CPU
		{8589F085-1419-4F29-8CE3-6A20118DA834}.Release|Any CPU.ActiveCfg = Release|Any CPU
		{8589F085-1419-4F29-8CE3-6A20118DA834}.Release|Any CPU.Build.0 = Release|Any CPU
		{9CFF4D41-3B85-4F5B-A5EB-439CE59E4988}.Debug|Any CPU.ActiveCfg = Debug|Any CPU
		{9CFF4D41-3B85-4F5B-A5EB-439CE59E4988}.Debug|Any CPU.Build.0 = Debug|Any CPU
		{9CFF4D41-3B85-4F5B-A5EB-439CE59E4988}.Release|Any CPU.ActiveCfg = Release|Any CPU
		{9CFF4D41-3B85-4F5B-A5EB-439CE59E4988}.Release|Any CPU.Build.0 = Release|Any CPU
		{83F213C6-0EBF-4BDC-AA0F-4F1BE6D7A44A}.Debug|Any CPU.ActiveCfg = Debug|Any CPU
		{83F213C6-0EBF-4BDC-AA0F-4F1BE6D7A44A}.Debug|Any CPU.Build.0 = Debug|Any CPU
		{83F213C6-0EBF-4BDC-AA0F-4F1BE6D7A44A}.Release|Any CPU.ActiveCfg = Release|Any CPU
		{83F213C6-0EBF-4BDC-AA0F-4F1BE6D7A44A}.Release|Any CPU.Build.0 = Release|Any CPU
		{3971B26A-C1D5-4EFB-A20B-756600B0ACB2}.Debug|Any CPU.ActiveCfg = Debug|Any CPU
		{3971B26A-C1D5-4EFB-A20B-756600B0ACB2}.Debug|Any CPU.Build.0 = Debug|Any CPU
		{3971B26A-C1D5-4EFB-A20B-756600B0ACB2}.Release|Any CPU.ActiveCfg = Release|Any CPU
		{3971B26A-C1D5-4EFB-A20B-756600B0ACB2}.Release|Any CPU.Build.0 = Release|Any CPU
		{144267BF-321F-462B-B1AE-1A54F62C582E}.Debug|Any CPU.ActiveCfg = Debug|Any CPU
		{144267BF-321F-462B-B1AE-1A54F62C582E}.Debug|Any CPU.Build.0 = Debug|Any CPU
		{144267BF-321F-462B-B1AE-1A54F62C582E}.Release|Any CPU.ActiveCfg = Release|Any CPU
		{144267BF-321F-462B-B1AE-1A54F62C582E}.Release|Any CPU.Build.0 = Release|Any CPU
	EndGlobalSection
	GlobalSection(SolutionProperties) = preSolution
		HideSolutionNode = FALSE
	EndGlobalSection
	GlobalSection(NestedProjects) = preSolution
		{093D1587-B0F1-41C7-B1BC-4B13D3CA5107} = {E8D9778C-0407-4C16-8772-55A02EAACEA0}
		{BAFCA371-48FB-4B28-896C-A194DD939C3B} = {D5051C52-1AA1-456A-8698-52568F5AFF23}
		{8589F085-1419-4F29-8CE3-6A20118DA834} = {D5051C52-1AA1-456A-8698-52568F5AFF23}
		{9CFF4D41-3B85-4F5B-A5EB-439CE59E4988} = {D5051C52-1AA1-456A-8698-52568F5AFF23}
		{83F213C6-0EBF-4BDC-AA0F-4F1BE6D7A44A} = {940562B5-CD65-4882-B72B-B3AEE6D5EC6D}
		{3971B26A-C1D5-4EFB-A20B-756600B0ACB2} = {D5051C52-1AA1-456A-8698-52568F5AFF23}
		{144267BF-321F-462B-B1AE-1A54F62C582E} = {D5051C52-1AA1-456A-8698-52568F5AFF23}
	EndGlobalSection
	GlobalSection(ExtensibilityGlobals) = postSolution
		SolutionGuid = {43D8D9BC-69D2-4D6B-B316-7531F46B0B85}
	EndGlobalSection
EndGlobal
